
Microsoft Visual Studio Solution File, Format Version 12.00
# Visual Studio Version 16
VisualStudioVersion = 16.0.29920.165
MinimumVisualStudioVersion = 15.0.26124.0
Project("{9A19103F-16F7-4668-BE54-9A1E7A4F7556}") = "HomeBrewedPoker.UnitTests", "test\HomeBrewedPoker.UnitTests\HomeBrewedPoker.UnitTests.csproj", "{BABBE70D-CE31-45D4-9BAA-797822398B32}"
EndProject
Project("{9A19103F-16F7-4668-BE54-9A1E7A4F7556}") = "HomeBrewedPoker", "src\HomeBrewedPoker\HomeBrewedPoker.csproj", "{7A2B9151-5A33-43A1-A762-6791E99EEE59}"
EndProject
Global
	GlobalSection(SolutionConfigurationPlatforms) = preSolution
		Debug|Any CPU = Debug|Any CPU
		Debug|x64 = Debug|x64
		Debug|x86 = Debug|x86
		Release|Any CPU = Release|Any CPU
		Release|x64 = Release|x64
		Release|x86 = Release|x86
	EndGlobalSection
	GlobalSection(ProjectConfigurationPlatforms) = postSolution
		{BABBE70D-CE31-45D4-9BAA-797822398B32}.Debug|Any CPU.ActiveCfg = Debug|Any CPU
		{BABBE70D-CE31-45D4-9BAA-797822398B32}.Debug|Any CPU.Build.0 = Debug|Any CPU
		{BABBE70D-CE31-45D4-9BAA-797822398B32}.Debug|x64.ActiveCfg = Debug|Any CPU
		{BABBE70D-CE31-45D4-9BAA-797822398B32}.Debug|x64.Build.0 = Debug|Any CPU
		{BABBE70D-CE31-45D4-9BAA-797822398B32}.Debug|x86.ActiveCfg = Debug|Any CPU
		{BABBE70D-CE31-45D4-9BAA-797822398B32}.Debug|x86.Build.0 = Debug|Any CPU
		{BABBE70D-CE31-45D4-9BAA-797822398B32}.Release|Any CPU.ActiveCfg = Release|Any CPU
		{BABBE70D-CE31-45D4-9BAA-797822398B32}.Release|Any CPU.Build.0 = Release|Any CPU
		{BABBE70D-CE31-45D4-9BAA-797822398B32}.Release|x64.ActiveCfg = Release|Any CPU
		{BABBE70D-CE31-45D4-9BAA-797822398B32}.Release|x64.Build.0 = Release|Any CPU
		{BABBE70D-CE31-45D4-9BAA-797822398B32}.Release|x86.ActiveCfg = Release|Any CPU
		{BABBE70D-CE31-45D4-9BAA-797822398B32}.Release|x86.Build.0 = Release|Any CPU
		{7A2B9151-5A33-43A1-A762-6791E99EEE59}.Debug|Any CPU.ActiveCfg = Debug|Any CPU
		{7A2B9151-5A33-43A1-A762-6791E99EEE59}.Debug|Any CPU.Build.0 = Debug|Any CPU
		{7A2B9151-5A33-43A1-A762-6791E99EEE59}.Debug|x64.ActiveCfg = Debug|Any CPU
		{7A2B9151-5A33-43A1-A762-6791E99EEE59}.Debug|x64.Build.0 = Debug|Any CPU
		{7A2B9151-5A33-43A1-A762-6791E99EEE59}.Debug|x86.ActiveCfg = Debug|Any CPU
		{7A2B9151-5A33-43A1-A762-6791E99EEE59}.Debug|x86.Build.0 = Debug|Any CPU
		{7A2B9151-5A33-43A1-A762-6791E99EEE59}.Release|Any CPU.ActiveCfg = Release|Any CPU
		{7A2B9151-5A33-43A1-A762-6791E99EEE59}.Release|Any CPU.Build.0 = Release|Any CPU
		{7A2B9151-5A33-43A1-A762-6791E99EEE59}.Release|x64.ActiveCfg = Release|Any CPU
		{7A2B9151-5A33-43A1-A762-6791E99EEE59}.Release|x64.Build.0 = Release|Any CPU
		{7A2B9151-5A33-43A1-A762-6791E99EEE59}.Release|x86.ActiveCfg = Release|Any CPU
		{7A2B9151-5A33-43A1-A762-6791E99EEE59}.Release|x86.Build.0 = Release|Any CPU
	EndGlobalSection
	GlobalSection(SolutionProperties) = preSolution
		HideSolutionNode = FALSE
	EndGlobalSection
	GlobalSection(ExtensibilityGlobals) = postSolution
		SolutionGuid = {B8A741BE-5BB0-4B01-9C80-0B83770E4E91}
	EndGlobalSection
EndGlobal
